
Microsoft Visual Studio Solution File, Format Version 12.00
# Visual Studio Version 17
VisualStudioVersion = 17.14.36121.58 d17.14
MinimumVisualStudioVersion = 10.0.40219.1
Project("{FAE04EC0-301F-11D3-BF4B-00C04F79EFBC}") = "KPZ2", "KPZ2\KPZ2.csproj", "{900B2BA0-857C-4D67-AD48-95C67F7875B3}"
EndProject
Project("{FAE04EC0-301F-11D3-BF4B-00C04F79EFBC}") = "task2", "task2\task2.csproj", "{399BAD5C-2C23-435A-9C2D-697E2DD93987}"
EndProject
Project("{FAE04EC0-301F-11D3-BF4B-00C04F79EFBC}") = "task3", "task3\task3.csproj", "{9BC2550F-9197-4772-A8DF-893C66887526}"
EndProject
Project("{FAE04EC0-301F-11D3-BF4B-00C04F79EFBC}") = "task4", "task4\task4.csproj", "{1385E47B-9BBC-40FD-867D-BFC2F5AC1720}"
EndProject
Project("{FAE04EC0-301F-11D3-BF4B-00C04F79EFBC}") = "ConsoleApp1", "ConsoleApp1\ConsoleApp1.csproj", "{B4E0B18F-27A7-4467-92C5-8C9192F420B8}"
EndProject
Global
	GlobalSection(SolutionConfigurationPlatforms) = preSolution
		Debug|Any CPU = Debug|Any CPU
		Release|Any CPU = Release|Any CPU
	EndGlobalSection
	GlobalSection(ProjectConfigurationPlatforms) = postSolution
		{900B2BA0-857C-4D67-AD48-95C67F7875B3}.Debug|Any CPU.ActiveCfg = Debug|Any CPU
		{900B2BA0-857C-4D67-AD48-95C67F7875B3}.Debug|Any CPU.Build.0 = Debug|Any CPU
		{900B2BA0-857C-4D67-AD48-95C67F7875B3}.Release|Any CPU.ActiveCfg = Release|Any CPU
		{900B2BA0-857C-4D67-AD48-95C67F7875B3}.Release|Any CPU.Build.0 = Release|Any CPU
		{399BAD5C-2C23-435A-9C2D-697E2DD93987}.Debug|Any CPU.ActiveCfg = Debug|Any CPU
		{399BAD5C-2C23-435A-9C2D-697E2DD93987}.Debug|Any CPU.Build.0 = Debug|Any CPU
		{399BAD5C-2C23-435A-9C2D-697E2DD93987}.Release|Any CPU.ActiveCfg = Release|Any CPU
		{399BAD5C-2C23-435A-9C2D-697E2DD93987}.Release|Any CPU.Build.0 = Release|Any CPU
		{9BC2550F-9197-4772-A8DF-893C66887526}.Debug|Any CPU.ActiveCfg = Debug|Any CPU
		{9BC2550F-9197-4772-A8DF-893C66887526}.Debug|Any CPU.Build.0 = Debug|Any CPU
		{9BC2550F-9197-4772-A8DF-893C66887526}.Release|Any CPU.ActiveCfg = Release|Any CPU
		{9BC2550F-9197-4772-A8DF-893C66887526}.Release|Any CPU.Build.0 = Release|Any CPU
		{1385E47B-9BBC-40FD-867D-BFC2F5AC1720}.Debug|Any CPU.ActiveCfg = Debug|Any CPU
		{1385E47B-9BBC-40FD-867D-BFC2F5AC1720}.Debug|Any CPU.Build.0 = Debug|Any CPU
		{1385E47B-9BBC-40FD-867D-BFC2F5AC1720}.Release|Any CPU.ActiveCfg = Release|Any CPU
		{1385E47B-9BBC-40FD-867D-BFC2F5AC1720}.Release|Any CPU.Build.0 = Release|Any CPU
		{B4E0B18F-27A7-4467-92C5-8C9192F420B8}.Debug|Any CPU.ActiveCfg = Debug|Any CPU
		{B4E0B18F-27A7-4467-92C5-8C9192F420B8}.Debug|Any CPU.Build.0 = Debug|Any CPU
		{B4E0B18F-27A7-4467-92C5-8C9192F420B8}.Release|Any CPU.ActiveCfg = Release|Any CPU
		{B4E0B18F-27A7-4467-92C5-8C9192F420B8}.Release|Any CPU.Build.0 = Release|Any CPU
	EndGlobalSection
	GlobalSection(SolutionProperties) = preSolution
		HideSolutionNode = FALSE
	EndGlobalSection
	GlobalSection(ExtensibilityGlobals) = postSolution
		SolutionGuid = {FFFA2F01-9090-4C11-B55D-FF1597DC4690}
	EndGlobalSection
EndGlobal
